
Microsoft Visual Studio Solution File, Format Version 12.00
# Visual Studio Version 17
VisualStudioVersion = 17.8.34330.188
MinimumVisualStudioVersion = 10.0.40219.1
Project("{FAE04EC0-301F-11D3-BF4B-00C04F79EFBC}") = "SKFashion", "SKFashion\SKFashion.csproj", "{C5C23FF6-8642-41FD-B6C7-609A22782A4A}"
EndProject
Global
	GlobalSection(SolutionConfigurationPlatforms) = preSolution
		Debug|Any CPU = Debug|Any CPU
		Release|Any CPU = Release|Any CPU
	EndGlobalSection
	GlobalSection(ProjectConfigurationPlatforms) = postSolution
		{C5C23FF6-8642-41FD-B6C7-609A22782A4A}.Debug|Any CPU.ActiveCfg = Debug|Any CPU
		{C5C23FF6-8642-41FD-B6C7-609A22782A4A}.Debug|Any CPU.Build.0 = Debug|Any CPU
		{C5C23FF6-8642-41FD-B6C7-609A22782A4A}.Release|Any CPU.ActiveCfg = Release|Any CPU
		{C5C23FF6-8642-41FD-B6C7-609A22782A4A}.Release|Any CPU.Build.0 = Release|Any CPU
	EndGlobalSection
	GlobalSection(SolutionProperties) = preSolution
		HideSolutionNode = FALSE
	EndGlobalSection
	GlobalSection(ExtensibilityGlobals) = postSolution
		SolutionGuid = {E95EAC13-EA4F-4A03-BB9F-9A53DF2DB094}
	EndGlobalSection
EndGlobal
